
Microsoft Visual Studio Solution File, Format Version 12.00
# Visual Studio Version 17
VisualStudioVersion = 17.3.32922.545
MinimumVisualStudioVersion = 10.0.40219.1
Project("{FAE04EC0-301F-11D3-BF4B-00C04F79EFBC}") = "DataAccess", "DataAccess\DataAccess.csproj", "{16D64DE5-8B1B-49C1-B2FB-D29FC563E42B}"
EndProject
Project("{FAE04EC0-301F-11D3-BF4B-00C04F79EFBC}") = "Entity", "Entity\Entity.csproj", "{2E71CB1A-8548-42E6-B189-0872E7583C5F}"
EndProject
Project("{FAE04EC0-301F-11D3-BF4B-00C04F79EFBC}") = "Core", "Core\Core.csproj", "{AB020759-74E7-48FA-8AB3-3161AB6919DA}"
EndProject
Project("{FAE04EC0-301F-11D3-BF4B-00C04F79EFBC}") = "WebAPI", "WebAPI\WebAPI.csproj", "{EC1324D8-1916-4EC3-A524-F22F1019E49B}"
EndProject
Project("{FAE04EC0-301F-11D3-BF4B-00C04F79EFBC}") = "Business", "Business\Business.csproj", "{5423C4F5-DD69-4C66-BC04-7056B8A024D7}"
EndProject
Global
	GlobalSection(SolutionConfigurationPlatforms) = preSolution
		Debug|Any CPU = Debug|Any CPU
		Release|Any CPU = Release|Any CPU
	EndGlobalSection
	GlobalSection(ProjectConfigurationPlatforms) = postSolution
		{16D64DE5-8B1B-49C1-B2FB-D29FC563E42B}.Debug|Any CPU.ActiveCfg = Debug|Any CPU
		{16D64DE5-8B1B-49C1-B2FB-D29FC563E42B}.Debug|Any CPU.Build.0 = Debug|Any CPU
		{16D64DE5-8B1B-49C1-B2FB-D29FC563E42B}.Release|Any CPU.ActiveCfg = Release|Any CPU
		{16D64DE5-8B1B-49C1-B2FB-D29FC563E42B}.Release|Any CPU.Build.0 = Release|Any CPU
		{2E71CB1A-8548-42E6-B189-0872E7583C5F}.Debug|Any CPU.ActiveCfg = Debug|Any CPU
		{2E71CB1A-8548-42E6-B189-0872E7583C5F}.Debug|Any CPU.Build.0 = Debug|Any CPU
		{2E71CB1A-8548-42E6-B189-0872E7583C5F}.Release|Any CPU.ActiveCfg = Release|Any CPU
		{2E71CB1A-8548-42E6-B189-0872E7583C5F}.Release|Any CPU.Build.0 = Release|Any CPU
		{AB020759-74E7-48FA-8AB3-3161AB6919DA}.Debug|Any CPU.ActiveCfg = Debug|Any CPU
		{AB020759-74E7-48FA-8AB3-3161AB6919DA}.Debug|Any CPU.Build.0 = Debug|Any CPU
		{AB020759-74E7-48FA-8AB3-3161AB6919DA}.Release|Any CPU.ActiveCfg = Release|Any CPU
		{AB020759-74E7-48FA-8AB3-3161AB6919DA}.Release|Any CPU.Build.0 = Release|Any CPU
		{EC1324D8-1916-4EC3-A524-F22F1019E49B}.Debug|Any CPU.ActiveCfg = Debug|Any CPU
		{EC1324D8-1916-4EC3-A524-F22F1019E49B}.Debug|Any CPU.Build.0 = Debug|Any CPU
		{EC1324D8-1916-4EC3-A524-F22F1019E49B}.Release|Any CPU.ActiveCfg = Release|Any CPU
		{EC1324D8-1916-4EC3-A524-F22F1019E49B}.Release|Any CPU.Build.0 = Release|Any CPU
		{5423C4F5-DD69-4C66-BC04-7056B8A024D7}.Debug|Any CPU.ActiveCfg = Debug|Any CPU
		{5423C4F5-DD69-4C66-BC04-7056B8A024D7}.Debug|Any CPU.Build.0 = Debug|Any CPU
		{5423C4F5-DD69-4C66-BC04-7056B8A024D7}.Release|Any CPU.ActiveCfg = Release|Any CPU
		{5423C4F5-DD69-4C66-BC04-7056B8A024D7}.Release|Any CPU.Build.0 = Release|Any CPU
	EndGlobalSection
	GlobalSection(SolutionProperties) = preSolution
		HideSolutionNode = FALSE
	EndGlobalSection
	GlobalSection(ExtensibilityGlobals) = postSolution
		SolutionGuid = {399410E5-1DF7-4268-AF3F-7A612F339763}
	EndGlobalSection
EndGlobal
